
Microsoft Visual Studio Solution File, Format Version 10.00
# Visual Studio 2008
Project("{2150E333-8FDC-42A3-9474-1A3956D46DE8}") = "Solution Items", "Solution Items", "{0D689C63-A03C-4D17-8418-F942908CD5A5}"
	ProjectSection(SolutionItems) = preProject
		LocalTestRun.testrunconfig = LocalTestRun.testrunconfig
		Scor.vsmdi = Scor.vsmdi
	EndProjectSection
EndProject
Project("{8BC9CEB8-8B4A-11D0-8D11-00A0C91BC942}") = "dal", "dal\dal\dal.vcproj", "{E274BA19-F920-40C0-8747-214688D2ABB3}"
	ProjectSection(ProjectDependencies) = postProject
		{24748540-BFD1-4293-99F5-D556338366C4} = {24748540-BFD1-4293-99F5-D556338366C4}
	EndProjectSection
EndProject
Project("{8BC9CEB8-8B4A-11D0-8D11-00A0C91BC942}") = "crx", "crx\crx\crx.vcproj", "{24748540-BFD1-4293-99F5-D556338366C4}"
EndProject
Project("{FAE04EC0-301F-11D3-BF4B-00C04F79EFBC}") = "gui", "gui\gui\gui.csproj", "{2C08D735-4AD3-4AB4-9C5A-38685356CAA0}"
	ProjectSection(ProjectDependencies) = postProject
		{E274BA19-F920-40C0-8747-214688D2ABB3} = {E274BA19-F920-40C0-8747-214688D2ABB3}
		{24748540-BFD1-4293-99F5-D556338366C4} = {24748540-BFD1-4293-99F5-D556338366C4}
	EndProjectSection
EndProject
Project("{8BC9CEB8-8B4A-11D0-8D11-00A0C91BC942}") = "TestCrx", "TestCrx\TestCrx.vcproj", "{B5B613F0-48C9-4AC9-B919-F9324FA6B640}"
EndProject
Project("{8BC9CEB8-8B4A-11D0-8D11-00A0C91BC942}") = "TestDal", "TestDal\TestDal.vcproj", "{88FA13E0-C4A7-4FDC-A9AF-4A71395E6C6E}"
EndProject
Project("{FAE04EC0-301F-11D3-BF4B-00C04F79EFBC}") = "PostInstallCopyDatabase", "PostInstallCopyDatabase\PostInstallCopyDatabase.csproj", "{1276F6E5-9319-4321-9A39-53152BB7477C}"
EndProject
Project("{54435603-DBB4-11D2-8724-00A0C9A8B90C}") = "ScorSetup", "ScorSetup\ScorSetup.vdproj", "{027B7368-A39D-4317-BD20-7DEDBD5DA311}"
EndProject
Global
	GlobalSection(SolutionConfigurationPlatforms) = preSolution
		Debug|Any CPU = Debug|Any CPU
		Debug|Mixed Platforms = Debug|Mixed Platforms
		Debug|Win32 = Debug|Win32
		Release|Any CPU = Release|Any CPU
		Release|Mixed Platforms = Release|Mixed Platforms
		Release|Win32 = Release|Win32
	EndGlobalSection
	GlobalSection(ProjectConfigurationPlatforms) = postSolution
		{E274BA19-F920-40C0-8747-214688D2ABB3}.Debug|Any CPU.ActiveCfg = Debug|Win32
		{E274BA19-F920-40C0-8747-214688D2ABB3}.Debug|Mixed Platforms.ActiveCfg = Debug|Win32
		{E274BA19-F920-40C0-8747-214688D2ABB3}.Debug|Mixed Platforms.Build.0 = Debug|Win32
		{E274BA19-F920-40C0-8747-214688D2ABB3}.Debug|Win32.ActiveCfg = Debug|Win32
		{E274BA19-F920-40C0-8747-214688D2ABB3}.Debug|Win32.Build.0 = Debug|Win32
		{E274BA19-F920-40C0-8747-214688D2ABB3}.Release|Any CPU.ActiveCfg = Release|Win32
		{E274BA19-F920-40C0-8747-214688D2ABB3}.Release|Mixed Platforms.ActiveCfg = Release|Win32
		{E274BA19-F920-40C0-8747-214688D2ABB3}.Release|Mixed Platforms.Build.0 = Release|Win32
		{E274BA19-F920-40C0-8747-214688D2ABB3}.Release|Win32.ActiveCfg = Release|Win32
		{E274BA19-F920-40C0-8747-214688D2ABB3}.Release|Win32.Build.0 = Release|Win32
		{24748540-BFD1-4293-99F5-D556338366C4}.Debug|Any CPU.ActiveCfg = Debug|Win32
		{24748540-BFD1-4293-99F5-D556338366C4}.Debug|Mixed Platforms.ActiveCfg = Debug|Win32
		{24748540-BFD1-4293-99F5-D556338366C4}.Debug|Mixed Platforms.Build.0 = Debug|Win32
		{24748540-BFD1-4293-99F5-D556338366C4}.Debug|Win32.ActiveCfg = Debug|Win32
		{24748540-BFD1-4293-99F5-D556338366C4}.Debug|Win32.Build.0 = Debug|Win32
		{24748540-BFD1-4293-99F5-D556338366C4}.Release|Any CPU.ActiveCfg = Release|Win32
		{24748540-BFD1-4293-99F5-D556338366C4}.Release|Mixed Platforms.ActiveCfg = Release|Win32
		{24748540-BFD1-4293-99F5-D556338366C4}.Release|Mixed Platforms.Build.0 = Release|Win32
		{24748540-BFD1-4293-99F5-D556338366C4}.Release|Win32.ActiveCfg = Release|Win32
		{24748540-BFD1-4293-99F5-D556338366C4}.Release|Win32.Build.0 = Release|Win32
		{2C08D735-4AD3-4AB4-9C5A-38685356CAA0}.Debug|Any CPU.ActiveCfg = Debug|Any CPU
		{2C08D735-4AD3-4AB4-9C5A-38685356CAA0}.Debug|Any CPU.Build.0 = Debug|Any CPU
		{2C08D735-4AD3-4AB4-9C5A-38685356CAA0}.Debug|Mixed Platforms.ActiveCfg = Debug|Any CPU
		{2C08D735-4AD3-4AB4-9C5A-38685356CAA0}.Debug|Mixed Platforms.Build.0 = Debug|Any CPU
		{2C08D735-4AD3-4AB4-9C5A-38685356CAA0}.Debug|Win32.ActiveCfg = Debug|Any CPU
		{2C08D735-4AD3-4AB4-9C5A-38685356CAA0}.Release|Any CPU.ActiveCfg = Release|Any CPU
		{2C08D735-4AD3-4AB4-9C5A-38685356CAA0}.Release|Any CPU.Build.0 = Release|Any CPU
		{2C08D735-4AD3-4AB4-9C5A-38685356CAA0}.Release|Mixed Platforms.ActiveCfg = Release|Any CPU
		{2C08D735-4AD3-4AB4-9C5A-38685356CAA0}.Release|Mixed Platforms.Build.0 = Release|Any CPU
		{2C08D735-4AD3-4AB4-9C5A-38685356CAA0}.Release|Win32.ActiveCfg = Release|Any CPU
		{B5B613F0-48C9-4AC9-B919-F9324FA6B640}.Debug|Any CPU.ActiveCfg = Debug|Win32
		{B5B613F0-48C9-4AC9-B919-F9324FA6B640}.Debug|Mixed Platforms.ActiveCfg = Debug|Win32
		{B5B613F0-48C9-4AC9-B919-F9324FA6B640}.Debug|Mixed Platforms.Build.0 = Debug|Win32
		{B5B613F0-48C9-4AC9-B919-F9324FA6B640}.Debug|Win32.ActiveCfg = Debug|Win32
		{B5B613F0-48C9-4AC9-B919-F9324FA6B640}.Debug|Win32.Build.0 = Debug|Win32
		{B5B613F0-48C9-4AC9-B919-F9324FA6B640}.Release|Any CPU.ActiveCfg = Release|Win32
		{B5B613F0-48C9-4AC9-B919-F9324FA6B640}.Release|Mixed Platforms.ActiveCfg = Release|Win32
		{B5B613F0-48C9-4AC9-B919-F9324FA6B640}.Release|Win32.ActiveCfg = Release|Win32
		{B5B613F0-48C9-4AC9-B919-F9324FA6B640}.Release|Win32.Build.0 = Release|Win32
		{88FA13E0-C4A7-4FDC-A9AF-4A71395E6C6E}.Debug|Any CPU.ActiveCfg = Debug|Win32
		{88FA13E0-C4A7-4FDC-A9AF-4A71395E6C6E}.Debug|Mixed Platforms.ActiveCfg = Debug|Win32
		{88FA13E0-C4A7-4FDC-A9AF-4A71395E6C6E}.Debug|Mixed Platforms.Build.0 = Debug|Win32
		{88FA13E0-C4A7-4FDC-A9AF-4A71395E6C6E}.Debug|Win32.ActiveCfg = Debug|Win32
		{88FA13E0-C4A7-4FDC-A9AF-4A71395E6C6E}.Debug|Win32.Build.0 = Debug|Win32
		{88FA13E0-C4A7-4FDC-A9AF-4A71395E6C6E}.Release|Any CPU.ActiveCfg = Release|Win32
		{88FA13E0-C4A7-4FDC-A9AF-4A71395E6C6E}.Release|Mixed Platforms.ActiveCfg = Release|Win32
		{88FA13E0-C4A7-4FDC-A9AF-4A71395E6C6E}.Release|Win32.ActiveCfg = Release|Win32
		{88FA13E0-C4A7-4FDC-A9AF-4A71395E6C6E}.Release|Win32.Build.0 = Release|Win32
		{1276F6E5-9319-4321-9A39-53152BB7477C}.Debug|Any CPU.ActiveCfg = Debug|Any CPU
		{1276F6E5-9319-4321-9A39-53152BB7477C}.Debug|Any CPU.Build.0 = Debug|Any CPU
		{1276F6E5-9319-4321-9A39-53152BB7477C}.Debug|Mixed Platforms.ActiveCfg = Debug|Any CPU
		{1276F6E5-9319-4321-9A39-53152BB7477C}.Debug|Win32.ActiveCfg = Debug|Any CPU
		{1276F6E5-9319-4321-9A39-53152BB7477C}.Release|Any CPU.ActiveCfg = Release|Any CPU
		{1276F6E5-9319-4321-9A39-53152BB7477C}.Release|Any CPU.Build.0 = Release|Any CPU
		{1276F6E5-9319-4321-9A39-53152BB7477C}.Release|Mixed Platforms.ActiveCfg = Release|Any CPU
		{1276F6E5-9319-4321-9A39-53152BB7477C}.Release|Mixed Platforms.Build.0 = Release|Any CPU
		{1276F6E5-9319-4321-9A39-53152BB7477C}.Release|Win32.ActiveCfg = Release|Any CPU
		{027B7368-A39D-4317-BD20-7DEDBD5DA311}.Debug|Any CPU.ActiveCfg = Debug
		{027B7368-A39D-4317-BD20-7DEDBD5DA311}.Debug|Any CPU.Build.0 = Debug
		{027B7368-A39D-4317-BD20-7DEDBD5DA311}.Debug|Mixed Platforms.ActiveCfg = Debug
		{027B7368-A39D-4317-BD20-7DEDBD5DA311}.Debug|Win32.ActiveCfg = Debug
		{027B7368-A39D-4317-BD20-7DEDBD5DA311}.Debug|Win32.Build.0 = Debug
		{027B7368-A39D-4317-BD20-7DEDBD5DA311}.Release|Any CPU.ActiveCfg = Release
		{027B7368-A39D-4317-BD20-7DEDBD5DA311}.Release|Any CPU.Build.0 = Release
		{027B7368-A39D-4317-BD20-7DEDBD5DA311}.Release|Mixed Platforms.ActiveCfg = Release
		{027B7368-A39D-4317-BD20-7DEDBD5DA311}.Release|Mixed Platforms.Build.0 = Release
		{027B7368-A39D-4317-BD20-7DEDBD5DA311}.Release|Win32.ActiveCfg = Release
		{027B7368-A39D-4317-BD20-7DEDBD5DA311}.Release|Win32.Build.0 = Release
	EndGlobalSection
	GlobalSection(SolutionProperties) = preSolution
		HideSolutionNode = FALSE
	EndGlobalSection
EndGlobal
