
Microsoft Visual Studio Solution File, Format Version 10.00
# Visual Studio 2008
Project("{54435603-DBB4-11D2-8724-00A0C9A8B90C}") = "Sprint9_ScorSetup", "Sprint9_ScorSetup.vdproj", "{8B974E89-AF81-4504-9B21-69406BA4CDFC}"
EndProject
Global
	GlobalSection(SolutionConfigurationPlatforms) = preSolution
		Debug|Default = Debug|Default
		Release|Default = Release|Default
	EndGlobalSection
	GlobalSection(ProjectConfigurationPlatforms) = postSolution
		{8B974E89-AF81-4504-9B21-69406BA4CDFC}.Debug|Default.ActiveCfg = Debug
		{8B974E89-AF81-4504-9B21-69406BA4CDFC}.Debug|Default.Build.0 = Debug
		{8B974E89-AF81-4504-9B21-69406BA4CDFC}.Release|Default.ActiveCfg = Release
		{8B974E89-AF81-4504-9B21-69406BA4CDFC}.Release|Default.Build.0 = Release
	EndGlobalSection
	GlobalSection(SolutionProperties) = preSolution
		HideSolutionNode = FALSE
	EndGlobalSection
EndGlobal
